
Microsoft Visual Studio Solution File, Format Version 12.00
# Visual Studio Version 16
VisualStudioVersion = 16.0.30804.86
MinimumVisualStudioVersion = 10.0.40219.1
Project("{FAE04EC0-301F-11D3-BF4B-00C04F79EFBC}") = "LunarOS2", "LunarOS2.csproj", "{DDA34D61-7BDF-459E-ACA5-9A91BEEE58C3}"
EndProject
Global
	GlobalSection(SolutionConfigurationPlatforms) = preSolution
		Debug|Any CPU = Debug|Any CPU
		Release|Any CPU = Release|Any CPU
	EndGlobalSection
	GlobalSection(ProjectConfigurationPlatforms) = postSolution
		{DDA34D61-7BDF-459E-ACA5-9A91BEEE58C3}.Debug|Any CPU.ActiveCfg = Debug|Any CPU
		{DDA34D61-7BDF-459E-ACA5-9A91BEEE58C3}.Debug|Any CPU.Build.0 = Debug|Any CPU
		{DDA34D61-7BDF-459E-ACA5-9A91BEEE58C3}.Release|Any CPU.ActiveCfg = Release|Any CPU
		{DDA34D61-7BDF-459E-ACA5-9A91BEEE58C3}.Release|Any CPU.Build.0 = Release|Any CPU
	EndGlobalSection
	GlobalSection(SolutionProperties) = preSolution
		HideSolutionNode = FALSE
	EndGlobalSection
	GlobalSection(ExtensibilityGlobals) = postSolution
		SolutionGuid = {A09BB3FA-3AF4-4C43-9EE6-B1D338A59665}
	EndGlobalSection
EndGlobal
